// !$*UTF8*$!
{
	archiveVersion = 1;
	classes = {
	};
	objectVersion = 50;
	objects = {

/* Begin PBXBuildFile section */
		672A780B22B18DDD00EA71A9 /* AppDelegate.swift in Sources */ = {isa = PBXBuildFile; fileRef = 672A780A22B18DDD00EA71A9 /* AppDelegate.swift */; };
		672A780D22B18DDD00EA71A9 /* ViewController.swift in Sources */ = {isa = PBXBuildFile; fileRef = 672A780C22B18DDD00EA71A9 /* ViewController.swift */; };
		672A781022B18DDD00EA71A9 /* Main.storyboard in Resources */ = {isa = PBXBuildFile; fileRef = 672A780E22B18DDD00EA71A9 /* Main.storyboard */; };
		672A781222B18DDE00EA71A9 /* Assets.xcassets in Resources */ = {isa = PBXBuildFile; fileRef = 672A781122B18DDE00EA71A9 /* Assets.xcassets */; };
		672A781522B18DDE00EA71A9 /* LaunchScreen.storyboard in Resources */ = {isa = PBXBuildFile; fileRef = 672A781322B18DDE00EA71A9 /* LaunchScreen.storyboard */; };
		672A781E22B18E1C00EA71A9 /* penguin@2x.png in Resources */ = {isa = PBXBuildFile; fileRef = 672A781D22B18E1C00EA71A9 /* penguin@2x.png */; };
/* End PBXBuildFile section */

/* Begin PBXFileReference section */
		672A780722B18DDD00EA71A9 /* Project15 - Animations.app */ = {isa = PBXFileReference; explicitFileType = wrapper.application; includeInIndex = 0; path = "Project15 - Animations.app"; sourceTree = BUILT_PRODUCTS_DIR; };
		672A780A22B18DDD00EA71A9 /* AppDelegate.swift */ = {isa = PBXFileReference; lastKnownFileType = sourcecode.swift; path = AppDelegate.swift; sourceTree = "<group>"; };
		672A780C22B18DDD00EA71A9 /* ViewController.swift */ = {isa = PBXFileReference; lastKnownFileType = sourcecode.swift; path = ViewController.swift; sourceTree = "<group>"; };
		672A780F22B18DDD00EA71A9 /* Base */ = {isa = PBXFileReference; lastKnownFileType = file.storyboard; name = Base; path = Base.lproj/Main.storyboard; sourceTree = "<group>"; };
		672A781122B18DDE00EA71A9 /* Assets.xcassets */ = {isa = PBXFileReference; lastKnownFileType = folder.assetcatalog; path = Assets.xcassets; sourceTree = "<group>"; };
		672A781422B18DDE00EA71A9 /* Base */ = {isa = PBXFileReference; lastKnownFileType = file.storyboard; name = Base; path = Base.lproj/LaunchScreen.storyboard; sourceTree = "<group>"; };
		672A781622B18DDE00EA71A9 /* Info.plist */ = {isa = PBXFileReference; lastKnownFileType = text.plist.xml; path = Info.plist; sourceTree = "<group>"; };
		672A781D22B18E1C00EA71A9 /* penguin@2x.png */ = {isa = PBXFileReference; lastKnownFileType = image.png; path = "penguin@2x.png"; sourceTree = "<group>"; };
/* End PBXFileReference section */

/* Begin PBXFrameworksBuildPhase section */
		672A780422B18DDD00EA71A9 /* Frameworks */ = {
			isa = PBXFrameworksBuildPhase;
			buildActionMask = 2147483647;
			files = (
			);
			runOnlyForDeploymentPostprocessing = 0;
		};
/* End PBXFrameworksBuildPhase section */

/* Begin PBXGroup section */
		672A77FE22B18DDD00EA71A9 = {
			isa = PBXGroup;
			children = (
				672A780922B18DDD00EA71A9 /* Project15 - Animations */,
				672A780822B18DDD00EA71A9 /* Products */,
			);
			sourceTree = "<group>";
		};
		672A780822B18DDD00EA71A9 /* Products */ = {
			isa = PBXGroup;
			children = (
				672A780722B18DDD00EA71A9 /* Project15 - Animations.app */,
			);
			name = Products;
			sourceTree = "<group>";
		};
		672A780922B18DDD00EA71A9 /* Project15 - Animations */ = {
			isa = PBXGroup;
			children = (
				672A780A22B18DDD00EA71A9 /* AppDelegate.swift */,
				672A780C22B18DDD00EA71A9 /* ViewController.swift */,
				672A780E22B18DDD00EA71A9 /* Main.storyboard */,
				672A781122B18DDE00EA71A9 /* Assets.xcassets */,
				672A781322B18DDE00EA71A9 /* LaunchScreen.storyboard */,
				672A781622B18DDE00EA71A9 /* Info.plist */,
				672A781C22B18E1C00EA71A9 /* Content */,
			);
			path = "Project15 - Animations";
			sourceTree = "<group>";
		};
		672A781C22B18E1C00EA71A9 /* Content */ = {
			isa = PBXGroup;
			children = (
				672A781D22B18E1C00EA71A9 /* penguin@2x.png */,
			);
			path = Content;
			sourceTree = "<group>";
		};
/* End PBXGroup section */

/* Begin PBXNativeTarget section */
		672A780622B18DDD00EA71A9 /* Project15 - Animations */ = {
			isa = PBXNativeTarget;
			buildConfigurationList = 672A781922B18DDE00EA71A9 /* Build configuration list for PBXNativeTarget "Project15 - Animations" */;
			buildPhases = (
				672A780322B18DDD00EA71A9 /* Sources */,
				672A780422B18DDD00EA71A9 /* Frameworks */,
				672A780522B18DDD00EA71A9 /* Resources */,
			);
			buildRules = (
			);
			dependencies = (
			);
			name = "Project15 - Animations";
			productName = "Project15 - Animations";
			productReference = 672A780722B18DDD00EA71A9 /* Project15 - Animations.app */;
			productType = "com.apple.product-type.application";
		};
/* End PBXNativeTarget section */

/* Begin PBXProject section */
		672A77FF22B18DDD00EA71A9 /* Project object */ = {
			isa = PBXProject;
			attributes = {
				LastSwiftUpdateCheck = 1020;
				LastUpgradeCheck = 1020;
				ORGANIZATIONNAME = "Roux Buciu";
				TargetAttributes = {
					672A780622B18DDD00EA71A9 = {
						CreatedOnToolsVersion = 10.2.1;
					};
				};
			};
			buildConfigurationList = 672A780222B18DDD00EA71A9 /* Build configuration list for PBXProject "Project15 - Animations" */;
			compatibilityVersion = "Xcode 9.3";
			developmentRegion = en;
			hasScannedForEncodings = 0;
			knownRegions = (
				en,
				Base,
			);
			mainGroup = 672A77FE22B18DDD00EA71A9;
			productRefGroup = 672A780822B18DDD00EA71A9 /* Products */;
			projectDirPath = "";
			projectRoot = "";
			targets = (
				672A780622B18DDD00EA71A9 /* Project15 - Animations */,
			);
		};
/* End PBXProject section */

/* Begin PBXResourcesBuildPhase section */
		672A780522B18DDD00EA71A9 /* Resources */ = {
			isa = PBXResourcesBuildPhase;
			buildActionMask = 2147483647;
			files = (
				672A781522B18DDE00EA71A9 /* LaunchScreen.storyboard in Resources */,
				672A781E22B18E1C00EA71A9 /* penguin@2x.png in Resources */,
				672A781222B18DDE00EA71A9 /* Assets.xcassets in Resources */,
				672A781022B18DDD00EA71A9 /* Main.storyboard in Resources */,
			);
			runOnlyForDeploymentPostprocessing = 0;
		};
/* End PBXResourcesBuildPhase section */

/* Begin PBXSourcesBuildPhase section */
		672A780322B18DDD00EA71A9 /* Sources */ = {
			isa = PBXSourcesBuildPhase;
			buildActionMask = 2147483647;
			files = (
				672A780D22B18DDD00EA71A9 /* ViewController.swift in Sources */,
				672A780B22B18DDD00EA71A9 /* AppDelegate.swift in Sources */,
			);
			runOnlyForDeploymentPostprocessing = 0;
		};
/* End PBXSourcesBuildPhase section */

/* Begin PBXVariantGroup section */
		672A780E22B18DDD00EA71A9 /* Main.storyboard */ = {
			isa = PBXVariantGroup;
			children = (
				672A780F22B18DDD00EA71A9 /* Base */,
			);
			name = Main.storyboard;
			sourceTree = "<group>";
		};
		672A781322B18DDE00EA71A9 /* LaunchScreen.storyboard */ = {
			isa = PBXVariantGroup;
			children = (
				672A781422B18DDE00EA71A9 /* Base */,
			);
			name = LaunchScreen.storyboard;
			sourceTree = "<group>";
		};
/* End PBXVariantGroup section */

/* Begin XCBuildConfiguration section */
		672A781722B18DDE00EA71A9 /* Debug */ = {
			isa = XCBuildConfiguration;
			buildSettings = {
				ALWAYS_SEARCH_USER_PATHS = NO;
				CLANG_ANALYZER_NONNULL = YES;
				CLANG_ANALYZER_NUMBER_OBJECT_CONVERSION = YES_AGGRESSIVE;
				CLANG_CXX_LANGUAGE_STANDARD = "gnu++14";
				CLANG_CXX_LIBRARY = "libc++";
				CLANG_ENABLE_MODULES = YES;
				CLANG_ENABLE_OBJC_ARC = YES;
				CLANG_ENABLE_OBJC_WEAK = YES;
				CLANG_WARN_BLOCK_CAPTURE_AUTORELEASING = YES;
				CLANG_WARN_BOOL_CONVERSION = YES;
				CLANG_WARN_COMMA = YES;
				CLANG_WARN_CONSTANT_CONVERSION = YES;
				CLANG_WARN_DEPRECATED_OBJC_IMPLEMENTATIONS = YES;
				CLANG_WARN_DIRECT_OBJC_ISA_USAGE = YES_ERROR;
				CLANG_WARN_DOCUMENTATION_COMMENTS = YES;
				CLANG_WARN_EMPTY_BODY = YES;
				CLANG_WARN_ENUM_CONVERSION = YES;
				CLANG_WARN_INFINITE_RECURSION = YES;
				CLANG_WARN_INT_CONVERSION = YES;
				CLANG_WARN_NON_LITERAL_NULL_CONVERSION = YES;
				CLANG_WARN_OBJC_IMPLICIT_RETAIN_SELF = YES;
				CLANG_WARN_OBJC_LITERAL_CONVERSION = YES;
				CLANG_WARN_OBJC_ROOT_CLASS = YES_ERROR;
				CLANG_WARN_RANGE_LOOP_ANALYSIS = YES;
				CLANG_WARN_STRICT_PROTOTYPES = YES;
				CLANG_WARN_SUSPICIOUS_MOVE = YES;
				CLANG_WARN_UNGUARDED_AVAILABILITY = YES_AGGRESSIVE;
				CLANG_WARN_UNREACHABLE_CODE = YES;
				CLANG_WARN__DUPLICATE_METHOD_MATCH = YES;
				CODE_SIGN_IDENTITY = "iPhone Developer";
				COPY_PHASE_STRIP = NO;
				DEBUG_INFORMATION_FORMAT = dwarf;
				ENABLE_STRICT_OBJC_MSGSEND = YES;
				ENABLE_TESTABILITY = YES;
				GCC_C_LANGUAGE_STANDARD = gnu11;
				GCC_DYNAMIC_NO_PIC = NO;
				GCC_NO_COMMON_BLOCKS = YES;
				GCC_OPTIMIZATION_LEVEL = 0;
				GCC_PREPROCESSOR_DEFINITIONS = (
					"DEBUG=1",
					"$(inherited)",
				);
				GCC_WARN_64_TO_32_BIT_CONVERSION = YES;
				GCC_WARN_ABOUT_RETURN_TYPE = YES_ERROR;
				GCC_WARN_UNDECLARED_SELECTOR = YES;
				GCC_WARN_UNINITIALIZED_AUTOS = YES_AGGRESSIVE;
				GCC_WARN_UNUSED_FUNCTION = YES;
				GCC_WARN_UNUSED_VARIABLE = YES;
				IPHONEOS_DEPLOYMENT_TARGET = 12.2;
				MTL_ENABLE_DEBUG_INFO = INCLUDE_SOURCE;
				MTL_FAST_MATH = YES;
				ONLY_ACTIVE_ARCH = YES;
				SDKROOT = iphoneos;
				SWIFT_ACTIVE_COMPILATION_CONDITIONS = DEBUG;
				SWIFT_OPTIMIZATION_LEVEL = "-Onone";
			};
			name = Debug;
		};
		672A781822B18DDE00EA71A9 /* Release */ = {
			isa = XCBuildConfiguration;
			buildSettings = {
				ALWAYS_SEARCH_USER_PATHS = NO;
				CLANG_ANALYZER_NONNULL = YES;
				CLANG_ANALYZER_NUMBER_OBJECT_CONVERSION = YES_AGGRESSIVE;
				CLANG_CXX_LANGUAGE_STANDARD = "gnu++14";
				CLANG_CXX_LIBRARY = "libc++";
				CLANG_ENABLE_MODULES = YES;
				CLANG_ENABLE_OBJC_ARC = YES;
				CLANG_ENABLE_OBJC_WEAK = YES;
				CLANG_WARN_BLOCK_CAPTURE_AUTORELEASING = YES;
				CLANG_WARN_BOOL_CONVERSION = YES;
				CLANG_WARN_COMMA = YES;
				CLANG_WARN_CONSTANT_CONVERSION = YES;
				CLANG_WARN_DEPRECATED_OBJC_IMPLEMENTATIONS = YES;
				CLANG_WARN_DIRECT_OBJC_ISA_USAGE = YES_ERROR;
				CLANG_WARN_DOCUMENTATION_COMMENTS = YES;
				CLANG_WARN_EMPTY_BODY = YES;
				CLANG_WARN_ENUM_CONVERSION = YES;
				CLANG_WARN_INFINITE_RECURSION = YES;
				CLANG_WARN_INT_CONVERSION = YES;
				CLANG_WARN_NON_LITERAL_NULL_CONVERSION = YES;
				CLANG_WARN_OBJC_IMPLICIT_RETAIN_SELF = YES;
				CLANG_WARN_OBJC_LITERAL_CONVERSION = YES;
				CLANG_WARN_OBJC_ROOT_CLASS = YES_ERROR;
				CLANG_WARN_RANGE_LOOP_ANALYSIS = YES;
				CLANG_WARN_STRICT_PROTOTYPES = YES;
				CLANG_WARN_SUSPICIOUS_MOVE = YES;
				CLANG_WARN_UNGUARDED_AVAILABILITY = YES_AGGRESSIVE;
				CLANG_WARN_UNREACHABLE_CODE = YES;
				CLANG_WARN__DUPLICATE_METHOD_MATCH = YES;
				CODE_SIGN_IDENTITY = "iPhone Developer";
				COPY_PHASE_STRIP = NO;
				DEBUG_INFORMATION_FORMAT = "dwarf-with-dsym";
				ENABLE_NS_ASSERTIONS = NO;
				ENABLE_STRICT_OBJC_MSGSEND = YES;
				GCC_C_LANGUAGE_STANDARD = gnu11;
				GCC_NO_COMMON_BLOCKS = YES;
				GCC_WARN_64_TO_32_BIT_CONVERSION = YES;
				GCC_WARN_ABOUT_RETURN_TYPE = YES_ERROR;
				GCC_WARN_UNDECLARED_SELECTOR = YES;
				GCC_WARN_UNINITIALIZED_AUTOS = YES_AGGRESSIVE;
				GCC_WARN_UNUSED_FUNCTION = YES;
				GCC_WARN_UNUSED_VARIABLE = YES;
				IPHONEOS_DEPLOYMENT_TARGET = 12.2;
				MTL_ENABLE_DEBUG_INFO = NO;
				MTL_FAST_MATH = YES;
				SDKROOT = iphoneos;
				SWIFT_COMPILATION_MODE = wholemodule;
				SWIFT_OPTIMIZATION_LEVEL = "-O";
				VALIDATE_PRODUCT = YES;
			};
			name = Release;
		};
		672A781A22B18DDE00EA71A9 /* Debug */ = {
			isa = XCBuildConfiguration;
			buildSettings = {
				ASSETCATALOG_COMPILER_APPICON_NAME = AppIcon;
				CODE_SIGN_STYLE = Automatic;
				DEVELOPMENT_TEAM = MB279BU694;
				INFOPLIST_FILE = "Project15 - Animations/Info.plist";
				IPHONEOS_DEPLOYMENT_TARGET = 12.0;
				LD_RUNPATH_SEARCH_PATHS = (
					"$(inherited)",
					"@executable_path/Frameworks",
				);
				PRODUCT_BUNDLE_IDENTIFIER = "com.symantec.Project15---Animations";
				PRODUCT_NAME = "$(TARGET_NAME)";
				SWIFT_VERSION = 5.0;
				TARGETED_DEVICE_FAMILY = 2;
			};
			name = Debug;
		};
		672A781B22B18DDE00EA71A9 /* Release */ = {
			isa = XCBuildConfiguration;
			buildSettings = {
				ASSETCATALOG_COMPILER_APPICON_NAME = AppIcon;
				CODE_SIGN_STYLE = Automatic;
				DEVELOPMENT_TEAM = MB279BU694;
				INFOPLIST_FILE = "Project15 - Animations/Info.plist";
				IPHONEOS_DEPLOYMENT_TARGET = 12.0;
				LD_RUNPATH_SEARCH_PATHS = (
					"$(inherited)",
					"@executable_path/Frameworks",
				);
				PRODUCT_BUNDLE_IDENTIFIER = "com.symantec.Project15---Animations";
				PRODUCT_NAME = "$(TARGET_NAME)";
				SWIFT_VERSION = 5.0;
				TARGETED_DEVICE_FAMILY = 2;
			};
			name = Release;
		};
/* End XCBuildConfiguration section */

/* Begin XCConfigurationList section */
		672A780222B18DDD00EA71A9 /* Build configuration list for PBXProject "Project15 - Animations" */ = {
			isa = XCConfigurationList;
			buildConfigurations = (
				672A781722B18DDE00EA71A9 /* Debug */,
				672A781822B18DDE00EA71A9 /* Release */,
			);
			defaultConfigurationIsVisible = 0;
			defaultConfigurationName = Release;
		};
		672A781922B18DDE00EA71A9 /* Build configuration list for PBXNativeTarget "Project15 - Animations" */ = {
			isa = XCConfigurationList;
			buildConfigurations = (
				672A781A22B18DDE00EA71A9 /* Debug */,
				672A781B22B18DDE00EA71A9 /* Release */,
			);
			defaultConfigurationIsVisible = 0;
			defaultConfigurationName = Release;
		};
/* End XCConfigurationList section */
	};
	rootObject = 672A77FF22B18DDD00EA71A9 /* Project object */;
}
