// !$*UTF8*$!
{
	archiveVersion = 1;
	classes = {
	};
	objectVersion = 50;
	objects = {

/* Begin PBXBuildFile section */
		6731BBB222F2144600E66D11 /* AppDelegate.swift in Sources */ = {isa = PBXBuildFile; fileRef = 6731BBB122F2144600E66D11 /* AppDelegate.swift */; };
		6731BBB422F2144600E66D11 /* ViewController.swift in Sources */ = {isa = PBXBuildFile; fileRef = 6731BBB322F2144600E66D11 /* ViewController.swift */; };
		6731BBB722F2144600E66D11 /* Main.storyboard in Resources */ = {isa = PBXBuildFile; fileRef = 6731BBB522F2144600E66D11 /* Main.storyboard */; };
		6731BBB922F2144800E66D11 /* Assets.xcassets in Resources */ = {isa = PBXBuildFile; fileRef = 6731BBB822F2144800E66D11 /* Assets.xcassets */; };
		6731BBBC22F2144800E66D11 /* LaunchScreen.storyboard in Resources */ = {isa = PBXBuildFile; fileRef = 6731BBBA22F2144800E66D11 /* LaunchScreen.storyboard */; };
		674C893022F218D200B95686 /* Captial.swift in Sources */ = {isa = PBXBuildFile; fileRef = 674C892F22F218D200B95686 /* Captial.swift */; };
/* End PBXBuildFile section */

/* Begin PBXFileReference section */
		6731BBAE22F2144600E66D11 /* Project 16 - Capital Cities.app */ = {isa = PBXFileReference; explicitFileType = wrapper.application; includeInIndex = 0; path = "Project 16 - Capital Cities.app"; sourceTree = BUILT_PRODUCTS_DIR; };
		6731BBB122F2144600E66D11 /* AppDelegate.swift */ = {isa = PBXFileReference; lastKnownFileType = sourcecode.swift; path = AppDelegate.swift; sourceTree = "<group>"; };
		6731BBB322F2144600E66D11 /* ViewController.swift */ = {isa = PBXFileReference; lastKnownFileType = sourcecode.swift; path = ViewController.swift; sourceTree = "<group>"; };
		6731BBB622F2144600E66D11 /* Base */ = {isa = PBXFileReference; lastKnownFileType = file.storyboard; name = Base; path = Base.lproj/Main.storyboard; sourceTree = "<group>"; };
		6731BBB822F2144800E66D11 /* Assets.xcassets */ = {isa = PBXFileReference; lastKnownFileType = folder.assetcatalog; path = Assets.xcassets; sourceTree = "<group>"; };
		6731BBBB22F2144800E66D11 /* Base */ = {isa = PBXFileReference; lastKnownFileType = file.storyboard; name = Base; path = Base.lproj/LaunchScreen.storyboard; sourceTree = "<group>"; };
		6731BBBD22F2144800E66D11 /* Info.plist */ = {isa = PBXFileReference; lastKnownFileType = text.plist.xml; path = Info.plist; sourceTree = "<group>"; };
		674C892F22F218D200B95686 /* Captial.swift */ = {isa = PBXFileReference; lastKnownFileType = sourcecode.swift; path = Captial.swift; sourceTree = "<group>"; };
/* End PBXFileReference section */

/* Begin PBXFrameworksBuildPhase section */
		6731BBAB22F2144600E66D11 /* Frameworks */ = {
			isa = PBXFrameworksBuildPhase;
			buildActionMask = 2147483647;
			files = (
			);
			runOnlyForDeploymentPostprocessing = 0;
		};
/* End PBXFrameworksBuildPhase section */

/* Begin PBXGroup section */
		6731BBA522F2144600E66D11 = {
			isa = PBXGroup;
			children = (
				6731BBB022F2144600E66D11 /* Project 16 - Capital Cities */,
				6731BBAF22F2144600E66D11 /* Products */,
			);
			sourceTree = "<group>";
		};
		6731BBAF22F2144600E66D11 /* Products */ = {
			isa = PBXGroup;
			children = (
				6731BBAE22F2144600E66D11 /* Project 16 - Capital Cities.app */,
			);
			name = Products;
			sourceTree = "<group>";
		};
		6731BBB022F2144600E66D11 /* Project 16 - Capital Cities */ = {
			isa = PBXGroup;
			children = (
				6731BBB122F2144600E66D11 /* AppDelegate.swift */,
				6731BBB322F2144600E66D11 /* ViewController.swift */,
				6731BBB522F2144600E66D11 /* Main.storyboard */,
				6731BBB822F2144800E66D11 /* Assets.xcassets */,
				6731BBBA22F2144800E66D11 /* LaunchScreen.storyboard */,
				6731BBBD22F2144800E66D11 /* Info.plist */,
				674C892F22F218D200B95686 /* Captial.swift */,
			);
			path = "Project 16 - Capital Cities";
			sourceTree = "<group>";
		};
/* End PBXGroup section */

/* Begin PBXNativeTarget section */
		6731BBAD22F2144600E66D11 /* Project 16 - Capital Cities */ = {
			isa = PBXNativeTarget;
			buildConfigurationList = 6731BBC022F2144800E66D11 /* Build configuration list for PBXNativeTarget "Project 16 - Capital Cities" */;
			buildPhases = (
				6731BBAA22F2144600E66D11 /* Sources */,
				6731BBAB22F2144600E66D11 /* Frameworks */,
				6731BBAC22F2144600E66D11 /* Resources */,
			);
			buildRules = (
			);
			dependencies = (
			);
			name = "Project 16 - Capital Cities";
			productName = "Project 16 - Capital Cities";
			productReference = 6731BBAE22F2144600E66D11 /* Project 16 - Capital Cities.app */;
			productType = "com.apple.product-type.application";
		};
/* End PBXNativeTarget section */

/* Begin PBXProject section */
		6731BBA622F2144600E66D11 /* Project object */ = {
			isa = PBXProject;
			attributes = {
				LastSwiftUpdateCheck = 1030;
				LastUpgradeCheck = 1030;
				ORGANIZATIONNAME = "Roux Buciu";
				TargetAttributes = {
					6731BBAD22F2144600E66D11 = {
						CreatedOnToolsVersion = 10.3;
					};
				};
			};
			buildConfigurationList = 6731BBA922F2144600E66D11 /* Build configuration list for PBXProject "Project 16 - Capital Cities" */;
			compatibilityVersion = "Xcode 9.3";
			developmentRegion = en;
			hasScannedForEncodings = 0;
			knownRegions = (
				en,
				Base,
			);
			mainGroup = 6731BBA522F2144600E66D11;
			productRefGroup = 6731BBAF22F2144600E66D11 /* Products */;
			projectDirPath = "";
			projectRoot = "";
			targets = (
				6731BBAD22F2144600E66D11 /* Project 16 - Capital Cities */,
			);
		};
/* End PBXProject section */

/* Begin PBXResourcesBuildPhase section */
		6731BBAC22F2144600E66D11 /* Resources */ = {
			isa = PBXResourcesBuildPhase;
			buildActionMask = 2147483647;
			files = (
				6731BBBC22F2144800E66D11 /* LaunchScreen.storyboard in Resources */,
				6731BBB922F2144800E66D11 /* Assets.xcassets in Resources */,
				6731BBB722F2144600E66D11 /* Main.storyboard in Resources */,
			);
			runOnlyForDeploymentPostprocessing = 0;
		};
/* End PBXResourcesBuildPhase section */

/* Begin PBXSourcesBuildPhase section */
		6731BBAA22F2144600E66D11 /* Sources */ = {
			isa = PBXSourcesBuildPhase;
			buildActionMask = 2147483647;
			files = (
				674C893022F218D200B95686 /* Captial.swift in Sources */,
				6731BBB422F2144600E66D11 /* ViewController.swift in Sources */,
				6731BBB222F2144600E66D11 /* AppDelegate.swift in Sources */,
			);
			runOnlyForDeploymentPostprocessing = 0;
		};
/* End PBXSourcesBuildPhase section */

/* Begin PBXVariantGroup section */
		6731BBB522F2144600E66D11 /* Main.storyboard */ = {
			isa = PBXVariantGroup;
			children = (
				6731BBB622F2144600E66D11 /* Base */,
			);
			name = Main.storyboard;
			sourceTree = "<group>";
		};
		6731BBBA22F2144800E66D11 /* LaunchScreen.storyboard */ = {
			isa = PBXVariantGroup;
			children = (
				6731BBBB22F2144800E66D11 /* Base */,
			);
			name = LaunchScreen.storyboard;
			sourceTree = "<group>";
		};
/* End PBXVariantGroup section */

/* Begin XCBuildConfiguration section */
		6731BBBE22F2144800E66D11 /* Debug */ = {
			isa = XCBuildConfiguration;
			buildSettings = {
				ALWAYS_SEARCH_USER_PATHS = NO;
				CLANG_ANALYZER_NONNULL = YES;
				CLANG_ANALYZER_NUMBER_OBJECT_CONVERSION = YES_AGGRESSIVE;
				CLANG_CXX_LANGUAGE_STANDARD = "gnu++14";
				CLANG_CXX_LIBRARY = "libc++";
				CLANG_ENABLE_MODULES = YES;
				CLANG_ENABLE_OBJC_ARC = YES;
				CLANG_ENABLE_OBJC_WEAK = YES;
				CLANG_WARN_BLOCK_CAPTURE_AUTORELEASING = YES;
				CLANG_WARN_BOOL_CONVERSION = YES;
				CLANG_WARN_COMMA = YES;
				CLANG_WARN_CONSTANT_CONVERSION = YES;
				CLANG_WARN_DEPRECATED_OBJC_IMPLEMENTATIONS = YES;
				CLANG_WARN_DIRECT_OBJC_ISA_USAGE = YES_ERROR;
				CLANG_WARN_DOCUMENTATION_COMMENTS = YES;
				CLANG_WARN_EMPTY_BODY = YES;
				CLANG_WARN_ENUM_CONVERSION = YES;
				CLANG_WARN_INFINITE_RECURSION = YES;
				CLANG_WARN_INT_CONVERSION = YES;
				CLANG_WARN_NON_LITERAL_NULL_CONVERSION = YES;
				CLANG_WARN_OBJC_IMPLICIT_RETAIN_SELF = YES;
				CLANG_WARN_OBJC_LITERAL_CONVERSION = YES;
				CLANG_WARN_OBJC_ROOT_CLASS = YES_ERROR;
				CLANG_WARN_RANGE_LOOP_ANALYSIS = YES;
				CLANG_WARN_STRICT_PROTOTYPES = YES;
				CLANG_WARN_SUSPICIOUS_MOVE = YES;
				CLANG_WARN_UNGUARDED_AVAILABILITY = YES_AGGRESSIVE;
				CLANG_WARN_UNREACHABLE_CODE = YES;
				CLANG_WARN__DUPLICATE_METHOD_MATCH = YES;
				CODE_SIGN_IDENTITY = "iPhone Developer";
				COPY_PHASE_STRIP = NO;
				DEBUG_INFORMATION_FORMAT = dwarf;
				ENABLE_STRICT_OBJC_MSGSEND = YES;
				ENABLE_TESTABILITY = YES;
				GCC_C_LANGUAGE_STANDARD = gnu11;
				GCC_DYNAMIC_NO_PIC = NO;
				GCC_NO_COMMON_BLOCKS = YES;
				GCC_OPTIMIZATION_LEVEL = 0;
				GCC_PREPROCESSOR_DEFINITIONS = (
					"DEBUG=1",
					"$(inherited)",
				);
				GCC_WARN_64_TO_32_BIT_CONVERSION = YES;
				GCC_WARN_ABOUT_RETURN_TYPE = YES_ERROR;
				GCC_WARN_UNDECLARED_SELECTOR = YES;
				GCC_WARN_UNINITIALIZED_AUTOS = YES_AGGRESSIVE;
				GCC_WARN_UNUSED_FUNCTION = YES;
				GCC_WARN_UNUSED_VARIABLE = YES;
				IPHONEOS_DEPLOYMENT_TARGET = 12.4;
				MTL_ENABLE_DEBUG_INFO = INCLUDE_SOURCE;
				MTL_FAST_MATH = YES;
				ONLY_ACTIVE_ARCH = YES;
				SDKROOT = iphoneos;
				SWIFT_ACTIVE_COMPILATION_CONDITIONS = DEBUG;
				SWIFT_OPTIMIZATION_LEVEL = "-Onone";
			};
			name = Debug;
		};
		6731BBBF22F2144800E66D11 /* Release */ = {
			isa = XCBuildConfiguration;
			buildSettings = {
				ALWAYS_SEARCH_USER_PATHS = NO;
				CLANG_ANALYZER_NONNULL = YES;
				CLANG_ANALYZER_NUMBER_OBJECT_CONVERSION = YES_AGGRESSIVE;
				CLANG_CXX_LANGUAGE_STANDARD = "gnu++14";
				CLANG_CXX_LIBRARY = "libc++";
				CLANG_ENABLE_MODULES = YES;
				CLANG_ENABLE_OBJC_ARC = YES;
				CLANG_ENABLE_OBJC_WEAK = YES;
				CLANG_WARN_BLOCK_CAPTURE_AUTORELEASING = YES;
				CLANG_WARN_BOOL_CONVERSION = YES;
				CLANG_WARN_COMMA = YES;
				CLANG_WARN_CONSTANT_CONVERSION = YES;
				CLANG_WARN_DEPRECATED_OBJC_IMPLEMENTATIONS = YES;
				CLANG_WARN_DIRECT_OBJC_ISA_USAGE = YES_ERROR;
				CLANG_WARN_DOCUMENTATION_COMMENTS = YES;
				CLANG_WARN_EMPTY_BODY = YES;
				CLANG_WARN_ENUM_CONVERSION = YES;
				CLANG_WARN_INFINITE_RECURSION = YES;
				CLANG_WARN_INT_CONVERSION = YES;
				CLANG_WARN_NON_LITERAL_NULL_CONVERSION = YES;
				CLANG_WARN_OBJC_IMPLICIT_RETAIN_SELF = YES;
				CLANG_WARN_OBJC_LITERAL_CONVERSION = YES;
				CLANG_WARN_OBJC_ROOT_CLASS = YES_ERROR;
				CLANG_WARN_RANGE_LOOP_ANALYSIS = YES;
				CLANG_WARN_STRICT_PROTOTYPES = YES;
				CLANG_WARN_SUSPICIOUS_MOVE = YES;
				CLANG_WARN_UNGUARDED_AVAILABILITY = YES_AGGRESSIVE;
				CLANG_WARN_UNREACHABLE_CODE = YES;
				CLANG_WARN__DUPLICATE_METHOD_MATCH = YES;
				CODE_SIGN_IDENTITY = "iPhone Developer";
				COPY_PHASE_STRIP = NO;
				DEBUG_INFORMATION_FORMAT = "dwarf-with-dsym";
				ENABLE_NS_ASSERTIONS = NO;
				ENABLE_STRICT_OBJC_MSGSEND = YES;
				GCC_C_LANGUAGE_STANDARD = gnu11;
				GCC_NO_COMMON_BLOCKS = YES;
				GCC_WARN_64_TO_32_BIT_CONVERSION = YES;
				GCC_WARN_ABOUT_RETURN_TYPE = YES_ERROR;
				GCC_WARN_UNDECLARED_SELECTOR = YES;
				GCC_WARN_UNINITIALIZED_AUTOS = YES_AGGRESSIVE;
				GCC_WARN_UNUSED_FUNCTION = YES;
				GCC_WARN_UNUSED_VARIABLE = YES;
				IPHONEOS_DEPLOYMENT_TARGET = 12.4;
				MTL_ENABLE_DEBUG_INFO = NO;
				MTL_FAST_MATH = YES;
				SDKROOT = iphoneos;
				SWIFT_COMPILATION_MODE = wholemodule;
				SWIFT_OPTIMIZATION_LEVEL = "-O";
				VALIDATE_PRODUCT = YES;
			};
			name = Release;
		};
		6731BBC122F2144800E66D11 /* Debug */ = {
			isa = XCBuildConfiguration;
			buildSettings = {
				ASSETCATALOG_COMPILER_APPICON_NAME = AppIcon;
				CODE_SIGN_STYLE = Automatic;
				DEVELOPMENT_TEAM = MB279BU694;
				INFOPLIST_FILE = "Project 16 - Capital Cities/Info.plist";
				LD_RUNPATH_SEARCH_PATHS = (
					"$(inherited)",
					"@executable_path/Frameworks",
				);
				PRODUCT_BUNDLE_IDENTIFIER = "com.symantec.Project-16---Capital-Cities";
				PRODUCT_NAME = "$(TARGET_NAME)";
				SWIFT_VERSION = 5.0;
				TARGETED_DEVICE_FAMILY = "1,2";
			};
			name = Debug;
		};
		6731BBC222F2144800E66D11 /* Release */ = {
			isa = XCBuildConfiguration;
			buildSettings = {
				ASSETCATALOG_COMPILER_APPICON_NAME = AppIcon;
				CODE_SIGN_STYLE = Automatic;
				DEVELOPMENT_TEAM = MB279BU694;
				INFOPLIST_FILE = "Project 16 - Capital Cities/Info.plist";
				LD_RUNPATH_SEARCH_PATHS = (
					"$(inherited)",
					"@executable_path/Frameworks",
				);
				PRODUCT_BUNDLE_IDENTIFIER = "com.symantec.Project-16---Capital-Cities";
				PRODUCT_NAME = "$(TARGET_NAME)";
				SWIFT_VERSION = 5.0;
				TARGETED_DEVICE_FAMILY = "1,2";
			};
			name = Release;
		};
/* End XCBuildConfiguration section */

/* Begin XCConfigurationList section */
		6731BBA922F2144600E66D11 /* Build configuration list for PBXProject "Project 16 - Capital Cities" */ = {
			isa = XCConfigurationList;
			buildConfigurations = (
				6731BBBE22F2144800E66D11 /* Debug */,
				6731BBBF22F2144800E66D11 /* Release */,
			);
			defaultConfigurationIsVisible = 0;
			defaultConfigurationName = Release;
		};
		6731BBC022F2144800E66D11 /* Build configuration list for PBXNativeTarget "Project 16 - Capital Cities" */ = {
			isa = XCConfigurationList;
			buildConfigurations = (
				6731BBC122F2144800E66D11 /* Debug */,
				6731BBC222F2144800E66D11 /* Release */,
			);
			defaultConfigurationIsVisible = 0;
			defaultConfigurationName = Release;
		};
/* End XCConfigurationList section */
	};
	rootObject = 6731BBA622F2144600E66D11 /* Project object */;
}
